
Microsoft Visual Studio Solution File, Format Version 12.00
# Visual Studio 14
VisualStudioVersion = 14.0.25420.1
MinimumVisualStudioVersion = 10.0.40219.1
Project("{E24C65DC-7377-472B-9ABA-BC803B73C61A}") = "Proyecto arakakyschicken", "..\..\..\..\Desktop\Proyecto arakakyschicken\", "{475550A9-A27E-44E6-A625-12739351CEA6}"
	ProjectSection(WebsiteProperties) = preProject
		TargetFrameworkMoniker = ".NETFramework,Version%3Dv4.0"
		Debug.AspNetCompiler.VirtualPath = "/localhost_61835"
		Debug.AspNetCompiler.PhysicalPath = "..\..\..\..\Desktop\Proyecto arakakyschicken\"
		Debug.AspNetCompiler.TargetPath = "PrecompiledWeb\localhost_61835\"
		Debug.AspNetCompiler.Updateable = "true"
		Debug.AspNetCompiler.ForceOverwrite = "true"
		Debug.AspNetCompiler.FixedNames = "false"
		Debug.AspNetCompiler.Debug = "True"
		Release.AspNetCompiler.VirtualPath = "/localhost_61835"
		Release.AspNetCompiler.PhysicalPath = "..\..\..\..\Desktop\Proyecto arakakyschicken\"
		Release.AspNetCompiler.TargetPath = "PrecompiledWeb\localhost_61835\"
		Release.AspNetCompiler.Updateable = "true"
		Release.AspNetCompiler.ForceOverwrite = "true"
		Release.AspNetCompiler.FixedNames = "false"
		Release.AspNetCompiler.Debug = "False"
		VWDPort = "61835"
	EndProjectSection
EndProject
Global
	GlobalSection(SolutionConfigurationPlatforms) = preSolution
		Debug|Any CPU = Debug|Any CPU
	EndGlobalSection
	GlobalSection(ProjectConfigurationPlatforms) = postSolution
		{475550A9-A27E-44E6-A625-12739351CEA6}.Debug|Any CPU.ActiveCfg = Debug|Any CPU
		{475550A9-A27E-44E6-A625-12739351CEA6}.Debug|Any CPU.Build.0 = Debug|Any CPU
	EndGlobalSection
	GlobalSection(SolutionProperties) = preSolution
		HideSolutionNode = FALSE
	EndGlobalSection
EndGlobal
